// !$*UTF8*$!
{
	archiveVersion = 1;
	classes = {
	};
	objectVersion = 46;
	objects = {

/* Begin PBXBuildFile section */
		0212DF96136A36AF00478B74 /* UIKit.framework in Frameworks */ = {isa = PBXBuildFile; fileRef = 0212DF95136A36AF00478B74 /* UIKit.framework */; };
		0212DF98136A36AF00478B74 /* Foundation.framework in Frameworks */ = {isa = PBXBuildFile; fileRef = 0212DF97136A36AF00478B74 /* Foundation.framework */; };
		0212DF9A136A36AF00478B74 /* CoreGraphics.framework in Frameworks */ = {isa = PBXBuildFile; fileRef = 0212DF99136A36AF00478B74 /* CoreGraphics.framework */; };
		0212DFA0136A36AF00478B74 /* InfoPlist.strings in Resources */ = {isa = PBXBuildFile; fileRef = 0212DF9E136A36AF00478B74 /* InfoPlist.strings */; };
		0212DFA3136A36AF00478B74 /* main.m in Sources */ = {isa = PBXBuildFile; fileRef = 0212DFA2136A36AF00478B74 /* main.m */; };
		0212DFA6136A36AF00478B74 /* iRedditAppDelegate.m in Sources */ = {isa = PBXBuildFile; fileRef = 0212DFA5136A36AF00478B74 /* iRedditAppDelegate.m */; };
		0212DFA9136A36AF00478B74 /* MainWindow.xib in Resources */ = {isa = PBXBuildFile; fileRef = 0212DFA7136A36AF00478B74 /* MainWindow.xib */; };
		0212DFAC136A36AF00478B74 /* RootViewController.m in Sources */ = {isa = PBXBuildFile; fileRef = 0212DFAB136A36AF00478B74 /* RootViewController.m */; };
		0212DFAF136A36AF00478B74 /* RootViewController.xib in Resources */ = {isa = PBXBuildFile; fileRef = 0212DFAD136A36AF00478B74 /* RootViewController.xib */; };
		02CB7AB2136A478100E55C07 /* CommentsViewController.m in Sources */ = {isa = PBXBuildFile; fileRef = 02CB7AB0136A478100E55C07 /* CommentsViewController.m */; };
		02CB7AB3136A478100E55C07 /* CommentsViewController.xib in Resources */ = {isa = PBXBuildFile; fileRef = 02CB7AB1136A478100E55C07 /* CommentsViewController.xib */; };
		02CB7AC9136A55F200E55C07 /* NSObject+JSON.m in Sources */ = {isa = PBXBuildFile; fileRef = 02CB7AB8136A55F200E55C07 /* NSObject+JSON.m */; };
		02CB7ACA136A55F200E55C07 /* SBJsonParser.m in Sources */ = {isa = PBXBuildFile; fileRef = 02CB7ABA136A55F200E55C07 /* SBJsonParser.m */; };
		02CB7ACB136A55F200E55C07 /* SBJsonStreamParser.m in Sources */ = {isa = PBXBuildFile; fileRef = 02CB7ABC136A55F200E55C07 /* SBJsonStreamParser.m */; };
		02CB7ACC136A55F200E55C07 /* SBJsonStreamParserAdapter.m in Sources */ = {isa = PBXBuildFile; fileRef = 02CB7ABE136A55F200E55C07 /* SBJsonStreamParserAdapter.m */; };
		02CB7ACD136A55F200E55C07 /* SBJsonStreamParserState.m in Sources */ = {isa = PBXBuildFile; fileRef = 02CB7AC0136A55F200E55C07 /* SBJsonStreamParserState.m */; };
		02CB7ACE136A55F200E55C07 /* SBJsonStreamWriter.m in Sources */ = {isa = PBXBuildFile; fileRef = 02CB7AC2136A55F200E55C07 /* SBJsonStreamWriter.m */; };
		02CB7ACF136A55F200E55C07 /* SBJsonStreamWriterState.m in Sources */ = {isa = PBXBuildFile; fileRef = 02CB7AC4136A55F200E55C07 /* SBJsonStreamWriterState.m */; };
		02CB7AD0136A55F200E55C07 /* SBJsonTokeniser.m in Sources */ = {isa = PBXBuildFile; fileRef = 02CB7AC6136A55F200E55C07 /* SBJsonTokeniser.m */; };
		02CB7AD1136A55F200E55C07 /* SBJsonWriter.m in Sources */ = {isa = PBXBuildFile; fileRef = 02CB7AC8136A55F200E55C07 /* SBJsonWriter.m */; };
/* End PBXBuildFile section */

/* Begin PBXFileReference section */
		0212DF91136A36AF00478B74 /* iReddit.app */ = {isa = PBXFileReference; explicitFileType = wrapper.application; includeInIndex = 0; path = iReddit.app; sourceTree = BUILT_PRODUCTS_DIR; };
		0212DF95136A36AF00478B74 /* UIKit.framework */ = {isa = PBXFileReference; lastKnownFileType = wrapper.framework; name = UIKit.framework; path = System/Library/Frameworks/UIKit.framework; sourceTree = SDKROOT; };
		0212DF97136A36AF00478B74 /* Foundation.framework */ = {isa = PBXFileReference; lastKnownFileType = wrapper.framework; name = Foundation.framework; path = System/Library/Frameworks/Foundation.framework; sourceTree = SDKROOT; };
		0212DF99136A36AF00478B74 /* CoreGraphics.framework */ = {isa = PBXFileReference; lastKnownFileType = wrapper.framework; name = CoreGraphics.framework; path = System/Library/Frameworks/CoreGraphics.framework; sourceTree = SDKROOT; };
		0212DF9D136A36AF00478B74 /* iReddit-Info.plist */ = {isa = PBXFileReference; lastKnownFileType = text.plist.xml; path = "iReddit-Info.plist"; sourceTree = "<group>"; };
		0212DF9F136A36AF00478B74 /* en */ = {isa = PBXFileReference; lastKnownFileType = text.plist.strings; name = en; path = en.lproj/InfoPlist.strings; sourceTree = "<group>"; };
		0212DFA1136A36AF00478B74 /* iReddit-Prefix.pch */ = {isa = PBXFileReference; lastKnownFileType = sourcecode.c.h; path = "iReddit-Prefix.pch"; sourceTree = "<group>"; };
		0212DFA2136A36AF00478B74 /* main.m */ = {isa = PBXFileReference; lastKnownFileType = sourcecode.c.objc; path = main.m; sourceTree = "<group>"; };
		0212DFA4136A36AF00478B74 /* iRedditAppDelegate.h */ = {isa = PBXFileReference; lastKnownFileType = sourcecode.c.h; path = iRedditAppDelegate.h; sourceTree = "<group>"; };
		0212DFA5136A36AF00478B74 /* iRedditAppDelegate.m */ = {isa = PBXFileReference; lastKnownFileType = sourcecode.c.objc; path = iRedditAppDelegate.m; sourceTree = "<group>"; };
		0212DFA8136A36AF00478B74 /* en */ = {isa = PBXFileReference; lastKnownFileType = file.xib; name = en; path = en.lproj/MainWindow.xib; sourceTree = "<group>"; };
		0212DFAA136A36AF00478B74 /* RootViewController.h */ = {isa = PBXFileReference; lastKnownFileType = sourcecode.c.h; path = RootViewController.h; sourceTree = "<group>"; };
		0212DFAB136A36AF00478B74 /* RootViewController.m */ = {isa = PBXFileReference; lastKnownFileType = sourcecode.c.objc; path = RootViewController.m; sourceTree = "<group>"; };
		0212DFAE136A36AF00478B74 /* en */ = {isa = PBXFileReference; lastKnownFileType = file.xib; name = en; path = en.lproj/RootViewController.xib; sourceTree = "<group>"; };
		02CB7AAF136A478100E55C07 /* CommentsViewController.h */ = {isa = PBXFileReference; fileEncoding = 4; lastKnownFileType = sourcecode.c.h; path = CommentsViewController.h; sourceTree = "<group>"; };
		02CB7AB0136A478100E55C07 /* CommentsViewController.m */ = {isa = PBXFileReference; fileEncoding = 4; lastKnownFileType = sourcecode.c.objc; path = CommentsViewController.m; sourceTree = "<group>"; };
		02CB7AB1136A478100E55C07 /* CommentsViewController.xib */ = {isa = PBXFileReference; fileEncoding = 4; lastKnownFileType = file.xib; path = CommentsViewController.xib; sourceTree = "<group>"; };
		02CB7AB6136A55F200E55C07 /* JSON.h */ = {isa = PBXFileReference; fileEncoding = 4; lastKnownFileType = sourcecode.c.h; path = JSON.h; sourceTree = "<group>"; };
		02CB7AB7136A55F200E55C07 /* NSObject+JSON.h */ = {isa = PBXFileReference; fileEncoding = 4; lastKnownFileType = sourcecode.c.h; path = "NSObject+JSON.h"; sourceTree = "<group>"; };
		02CB7AB8136A55F200E55C07 /* NSObject+JSON.m */ = {isa = PBXFileReference; fileEncoding = 4; lastKnownFileType = sourcecode.c.objc; path = "NSObject+JSON.m"; sourceTree = "<group>"; };
		02CB7AB9136A55F200E55C07 /* SBJsonParser.h */ = {isa = PBXFileReference; fileEncoding = 4; lastKnownFileType = sourcecode.c.h; path = SBJsonParser.h; sourceTree = "<group>"; };
		02CB7ABA136A55F200E55C07 /* SBJsonParser.m */ = {isa = PBXFileReference; fileEncoding = 4; lastKnownFileType = sourcecode.c.objc; path = SBJsonParser.m; sourceTree = "<group>"; };
		02CB7ABB136A55F200E55C07 /* SBJsonStreamParser.h */ = {isa = PBXFileReference; fileEncoding = 4; lastKnownFileType = sourcecode.c.h; path = SBJsonStreamParser.h; sourceTree = "<group>"; };
		02CB7ABC136A55F200E55C07 /* SBJsonStreamParser.m */ = {isa = PBXFileReference; fileEncoding = 4; lastKnownFileType = sourcecode.c.objc; path = SBJsonStreamParser.m; sourceTree = "<group>"; };
		02CB7ABD136A55F200E55C07 /* SBJsonStreamParserAdapter.h */ = {isa = PBXFileReference; fileEncoding = 4; lastKnownFileType = sourcecode.c.h; path = SBJsonStreamParserAdapter.h; sourceTree = "<group>"; };
		02CB7ABE136A55F200E55C07 /* SBJsonStreamParserAdapter.m */ = {isa = PBXFileReference; fileEncoding = 4; lastKnownFileType = sourcecode.c.objc; path = SBJsonStreamParserAdapter.m; sourceTree = "<group>"; };
		02CB7ABF136A55F200E55C07 /* SBJsonStreamParserState.h */ = {isa = PBXFileReference; fileEncoding = 4; lastKnownFileType = sourcecode.c.h; path = SBJsonStreamParserState.h; sourceTree = "<group>"; };
		02CB7AC0136A55F200E55C07 /* SBJsonStreamParserState.m */ = {isa = PBXFileReference; fileEncoding = 4; lastKnownFileType = sourcecode.c.objc; path = SBJsonStreamParserState.m; sourceTree = "<group>"; };
		02CB7AC1136A55F200E55C07 /* SBJsonStreamWriter.h */ = {isa = PBXFileReference; fileEncoding = 4; lastKnownFileType = sourcecode.c.h; path = SBJsonStreamWriter.h; sourceTree = "<group>"; };
		02CB7AC2136A55F200E55C07 /* SBJsonStreamWriter.m */ = {isa = PBXFileReference; fileEncoding = 4; lastKnownFileType = sourcecode.c.objc; path = SBJsonStreamWriter.m; sourceTree = "<group>"; };
		02CB7AC3136A55F200E55C07 /* SBJsonStreamWriterState.h */ = {isa = PBXFileReference; fileEncoding = 4; lastKnownFileType = sourcecode.c.h; path = SBJsonStreamWriterState.h; sourceTree = "<group>"; };
		02CB7AC4136A55F200E55C07 /* SBJsonStreamWriterState.m */ = {isa = PBXFileReference; fileEncoding = 4; lastKnownFileType = sourcecode.c.objc; path = SBJsonStreamWriterState.m; sourceTree = "<group>"; };
		02CB7AC5136A55F200E55C07 /* SBJsonTokeniser.h */ = {isa = PBXFileReference; fileEncoding = 4; lastKnownFileType = sourcecode.c.h; path = SBJsonTokeniser.h; sourceTree = "<group>"; };
		02CB7AC6136A55F200E55C07 /* SBJsonTokeniser.m */ = {isa = PBXFileReference; fileEncoding = 4; lastKnownFileType = sourcecode.c.objc; path = SBJsonTokeniser.m; sourceTree = "<group>"; };
		02CB7AC7136A55F200E55C07 /* SBJsonWriter.h */ = {isa = PBXFileReference; fileEncoding = 4; lastKnownFileType = sourcecode.c.h; path = SBJsonWriter.h; sourceTree = "<group>"; };
		02CB7AC8136A55F200E55C07 /* SBJsonWriter.m */ = {isa = PBXFileReference; fileEncoding = 4; lastKnownFileType = sourcecode.c.objc; path = SBJsonWriter.m; sourceTree = "<group>"; };
/* End PBXFileReference section */

/* Begin PBXFrameworksBuildPhase section */
		0212DF8E136A36AF00478B74 /* Frameworks */ = {
			isa = PBXFrameworksBuildPhase;
			buildActionMask = 2147483647;
			files = (
				0212DF96136A36AF00478B74 /* UIKit.framework in Frameworks */,
				0212DF98136A36AF00478B74 /* Foundation.framework in Frameworks */,
				0212DF9A136A36AF00478B74 /* CoreGraphics.framework in Frameworks */,
			);
			runOnlyForDeploymentPostprocessing = 0;
		};
/* End PBXFrameworksBuildPhase section */

/* Begin PBXGroup section */
		0212DF86136A36AF00478B74 = {
			isa = PBXGroup;
			children = (
				0212DF9B136A36AF00478B74 /* iReddit */,
				0212DF94136A36AF00478B74 /* Frameworks */,
				0212DF92136A36AF00478B74 /* Products */,
			);
			sourceTree = "<group>";
		};
		0212DF92136A36AF00478B74 /* Products */ = {
			isa = PBXGroup;
			children = (
				0212DF91136A36AF00478B74 /* iReddit.app */,
			);
			name = Products;
			sourceTree = "<group>";
		};
		0212DF94136A36AF00478B74 /* Frameworks */ = {
			isa = PBXGroup;
			children = (
				0212DF95136A36AF00478B74 /* UIKit.framework */,
				0212DF97136A36AF00478B74 /* Foundation.framework */,
				0212DF99136A36AF00478B74 /* CoreGraphics.framework */,
			);
			name = Frameworks;
			sourceTree = "<group>";
		};
		0212DF9B136A36AF00478B74 /* iReddit */ = {
			isa = PBXGroup;
			children = (
				02CB7AB5136A55F200E55C07 /* json */,
				0212DFA4136A36AF00478B74 /* iRedditAppDelegate.h */,
				0212DFA5136A36AF00478B74 /* iRedditAppDelegate.m */,
				0212DFA7136A36AF00478B74 /* MainWindow.xib */,
				0212DFAA136A36AF00478B74 /* RootViewController.h */,
				0212DFAB136A36AF00478B74 /* RootViewController.m */,
				0212DFAD136A36AF00478B74 /* RootViewController.xib */,
				0212DF9C136A36AF00478B74 /* Supporting Files */,
				02CB7AAF136A478100E55C07 /* CommentsViewController.h */,
				02CB7AB0136A478100E55C07 /* CommentsViewController.m */,
				02CB7AB1136A478100E55C07 /* CommentsViewController.xib */,
			);
			path = iReddit;
			sourceTree = "<group>";
		};
		0212DF9C136A36AF00478B74 /* Supporting Files */ = {
			isa = PBXGroup;
			children = (
				0212DF9D136A36AF00478B74 /* iReddit-Info.plist */,
				0212DF9E136A36AF00478B74 /* InfoPlist.strings */,
				0212DFA1136A36AF00478B74 /* iReddit-Prefix.pch */,
				0212DFA2136A36AF00478B74 /* main.m */,
			);
			name = "Supporting Files";
			sourceTree = "<group>";
		};
		02CB7AB5136A55F200E55C07 /* json */ = {
			isa = PBXGroup;
			children = (
				02CB7AB6136A55F200E55C07 /* JSON.h */,
				02CB7AB7136A55F200E55C07 /* NSObject+JSON.h */,
				02CB7AB8136A55F200E55C07 /* NSObject+JSON.m */,
				02CB7AB9136A55F200E55C07 /* SBJsonParser.h */,
				02CB7ABA136A55F200E55C07 /* SBJsonParser.m */,
				02CB7ABB136A55F200E55C07 /* SBJsonStreamParser.h */,
				02CB7ABC136A55F200E55C07 /* SBJsonStreamParser.m */,
				02CB7ABD136A55F200E55C07 /* SBJsonStreamParserAdapter.h */,
				02CB7ABE136A55F200E55C07 /* SBJsonStreamParserAdapter.m */,
				02CB7ABF136A55F200E55C07 /* SBJsonStreamParserState.h */,
				02CB7AC0136A55F200E55C07 /* SBJsonStreamParserState.m */,
				02CB7AC1136A55F200E55C07 /* SBJsonStreamWriter.h */,
				02CB7AC2136A55F200E55C07 /* SBJsonStreamWriter.m */,
				02CB7AC3136A55F200E55C07 /* SBJsonStreamWriterState.h */,
				02CB7AC4136A55F200E55C07 /* SBJsonStreamWriterState.m */,
				02CB7AC5136A55F200E55C07 /* SBJsonTokeniser.h */,
				02CB7AC6136A55F200E55C07 /* SBJsonTokeniser.m */,
				02CB7AC7136A55F200E55C07 /* SBJsonWriter.h */,
				02CB7AC8136A55F200E55C07 /* SBJsonWriter.m */,
			);
			path = json;
			sourceTree = "<group>";
		};
/* End PBXGroup section */

/* Begin PBXNativeTarget section */
		0212DF90136A36AF00478B74 /* iReddit */ = {
			isa = PBXNativeTarget;
			buildConfigurationList = 0212DFB2136A36AF00478B74 /* Build configuration list for PBXNativeTarget "iReddit" */;
			buildPhases = (
				0212DF8D136A36AF00478B74 /* Sources */,
				0212DF8E136A36AF00478B74 /* Frameworks */,
				0212DF8F136A36AF00478B74 /* Resources */,
			);
			buildRules = (
			);
			dependencies = (
			);
			name = iReddit;
			productName = iReddit;
			productReference = 0212DF91136A36AF00478B74 /* iReddit.app */;
			productType = "com.apple.product-type.application";
		};
/* End PBXNativeTarget section */

/* Begin PBXProject section */
		0212DF88136A36AF00478B74 /* Project object */ = {
			isa = PBXProject;
			attributes = {
				ORGANIZATIONNAME = "Servo Labs, LLC";
			};
			buildConfigurationList = 0212DF8B136A36AF00478B74 /* Build configuration list for PBXProject "iReddit" */;
			compatibilityVersion = "Xcode 3.2";
			developmentRegion = English;
			hasScannedForEncodings = 0;
			knownRegions = (
				en,
			);
			mainGroup = 0212DF86136A36AF00478B74;
			productRefGroup = 0212DF92136A36AF00478B74 /* Products */;
			projectDirPath = "";
			projectRoot = "";
			targets = (
				0212DF90136A36AF00478B74 /* iReddit */,
			);
		};
/* End PBXProject section */

/* Begin PBXResourcesBuildPhase section */
		0212DF8F136A36AF00478B74 /* Resources */ = {
			isa = PBXResourcesBuildPhase;
			buildActionMask = 2147483647;
			files = (
				0212DFA0136A36AF00478B74 /* InfoPlist.strings in Resources */,
				0212DFA9136A36AF00478B74 /* MainWindow.xib in Resources */,
				0212DFAF136A36AF00478B74 /* RootViewController.xib in Resources */,
				02CB7AB3136A478100E55C07 /* CommentsViewController.xib in Resources */,
			);
			runOnlyForDeploymentPostprocessing = 0;
		};
/* End PBXResourcesBuildPhase section */

/* Begin PBXSourcesBuildPhase section */
		0212DF8D136A36AF00478B74 /* Sources */ = {
			isa = PBXSourcesBuildPhase;
			buildActionMask = 2147483647;
			files = (
				0212DFA3136A36AF00478B74 /* main.m in Sources */,
				0212DFA6136A36AF00478B74 /* iRedditAppDelegate.m in Sources */,
				0212DFAC136A36AF00478B74 /* RootViewController.m in Sources */,
				02CB7AB2136A478100E55C07 /* CommentsViewController.m in Sources */,
				02CB7AC9136A55F200E55C07 /* NSObject+JSON.m in Sources */,
				02CB7ACA136A55F200E55C07 /* SBJsonParser.m in Sources */,
				02CB7ACB136A55F200E55C07 /* SBJsonStreamParser.m in Sources */,
				02CB7ACC136A55F200E55C07 /* SBJsonStreamParserAdapter.m in Sources */,
				02CB7ACD136A55F200E55C07 /* SBJsonStreamParserState.m in Sources */,
				02CB7ACE136A55F200E55C07 /* SBJsonStreamWriter.m in Sources */,
				02CB7ACF136A55F200E55C07 /* SBJsonStreamWriterState.m in Sources */,
				02CB7AD0136A55F200E55C07 /* SBJsonTokeniser.m in Sources */,
				02CB7AD1136A55F200E55C07 /* SBJsonWriter.m in Sources */,
			);
			runOnlyForDeploymentPostprocessing = 0;
		};
/* End PBXSourcesBuildPhase section */

/* Begin PBXVariantGroup section */
		0212DF9E136A36AF00478B74 /* InfoPlist.strings */ = {
			isa = PBXVariantGroup;
			children = (
				0212DF9F136A36AF00478B74 /* en */,
			);
			name = InfoPlist.strings;
			sourceTree = "<group>";
		};
		0212DFA7136A36AF00478B74 /* MainWindow.xib */ = {
			isa = PBXVariantGroup;
			children = (
				0212DFA8136A36AF00478B74 /* en */,
			);
			name = MainWindow.xib;
			sourceTree = "<group>";
		};
		0212DFAD136A36AF00478B74 /* RootViewController.xib */ = {
			isa = PBXVariantGroup;
			children = (
				0212DFAE136A36AF00478B74 /* en */,
			);
			name = RootViewController.xib;
			sourceTree = "<group>";
		};
/* End PBXVariantGroup section */

/* Begin XCBuildConfiguration section */
		0212DFB0136A36AF00478B74 /* Debug */ = {
			isa = XCBuildConfiguration;
			buildSettings = {
				ARCHS = "$(ARCHS_STANDARD_32_BIT)";
				"CODE_SIGN_IDENTITY[sdk=iphoneos*]" = "iPhone Developer";
				GCC_C_LANGUAGE_STANDARD = gnu99;
				GCC_OPTIMIZATION_LEVEL = 0;
				GCC_PREPROCESSOR_DEFINITIONS = DEBUG;
				GCC_SYMBOLS_PRIVATE_EXTERN = NO;
				GCC_VERSION = com.apple.compilers.llvmgcc42;
				GCC_WARN_ABOUT_RETURN_TYPE = YES;
				GCC_WARN_UNUSED_VARIABLE = YES;
				IPHONEOS_DEPLOYMENT_TARGET = 4.0;
				SDKROOT = iphoneos;
			};
			name = Debug;
		};
		0212DFB1136A36AF00478B74 /* Release */ = {
			isa = XCBuildConfiguration;
			buildSettings = {
				ARCHS = "$(ARCHS_STANDARD_32_BIT)";
				"CODE_SIGN_IDENTITY[sdk=iphoneos*]" = "iPhone Developer";
				GCC_C_LANGUAGE_STANDARD = gnu99;
				GCC_VERSION = com.apple.compilers.llvmgcc42;
				GCC_WARN_ABOUT_RETURN_TYPE = YES;
				GCC_WARN_UNUSED_VARIABLE = YES;
				IPHONEOS_DEPLOYMENT_TARGET = 4.0;
				OTHER_CFLAGS = "-DNS_BLOCK_ASSERTIONS=1";
				SDKROOT = iphoneos;
			};
			name = Release;
		};
		0212DFB3136A36AF00478B74 /* Debug */ = {
			isa = XCBuildConfiguration;
			buildSettings = {
				ALWAYS_SEARCH_USER_PATHS = NO;
				COPY_PHASE_STRIP = NO;
				GCC_DYNAMIC_NO_PIC = NO;
				GCC_PRECOMPILE_PREFIX_HEADER = YES;
				GCC_PREFIX_HEADER = "iReddit/iReddit-Prefix.pch";
				INFOPLIST_FILE = "iReddit/iReddit-Info.plist";
				PRODUCT_NAME = "$(TARGET_NAME)";
				WRAPPER_EXTENSION = app;
			};
			name = Debug;
		};
		0212DFB4136A36AF00478B74 /* Release */ = {
			isa = XCBuildConfiguration;
			buildSettings = {
				ALWAYS_SEARCH_USER_PATHS = NO;
				COPY_PHASE_STRIP = YES;
				GCC_PRECOMPILE_PREFIX_HEADER = YES;
				GCC_PREFIX_HEADER = "iReddit/iReddit-Prefix.pch";
				INFOPLIST_FILE = "iReddit/iReddit-Info.plist";
				PRODUCT_NAME = "$(TARGET_NAME)";
				VALIDATE_PRODUCT = YES;
				WRAPPER_EXTENSION = app;
			};
			name = Release;
		};
/* End XCBuildConfiguration section */

/* Begin XCConfigurationList section */
		0212DF8B136A36AF00478B74 /* Build configuration list for PBXProject "iReddit" */ = {
			isa = XCConfigurationList;
			buildConfigurations = (
				0212DFB0136A36AF00478B74 /* Debug */,
				0212DFB1136A36AF00478B74 /* Release */,
			);
			defaultConfigurationIsVisible = 0;
			defaultConfigurationName = Release;
		};
		0212DFB2136A36AF00478B74 /* Build configuration list for PBXNativeTarget "iReddit" */ = {
			isa = XCConfigurationList;
			buildConfigurations = (
				0212DFB3136A36AF00478B74 /* Debug */,
				0212DFB4136A36AF00478B74 /* Release */,
			);
			defaultConfigurationIsVisible = 0;
			defaultConfigurationName = Release;
		};
/* End XCConfigurationList section */
	};
	rootObject = 0212DF88136A36AF00478B74 /* Project object */;
}
